
Microsoft Visual Studio Solution File, Format Version 12.00
# Visual Studio Version 16
VisualStudioVersion = 16.0.30204.135
MinimumVisualStudioVersion = 10.0.40219.1
Project("{FAE04EC0-301F-11D3-BF4B-00C04F79EFBC}") = "sample_3_8", "sample_3_8\sample_3_8.csproj", "{813823B3-87E8-41A2-BF69-9564BA59C21D}"
EndProject
Global
	GlobalSection(SolutionConfigurationPlatforms) = preSolution
		Debug|Any CPU = Debug|Any CPU
		Release|Any CPU = Release|Any CPU
	EndGlobalSection
	GlobalSection(ProjectConfigurationPlatforms) = postSolution
		{813823B3-87E8-41A2-BF69-9564BA59C21D}.Debug|Any CPU.ActiveCfg = Debug|Any CPU
		{813823B3-87E8-41A2-BF69-9564BA59C21D}.Debug|Any CPU.Build.0 = Debug|Any CPU
		{813823B3-87E8-41A2-BF69-9564BA59C21D}.Release|Any CPU.ActiveCfg = Release|Any CPU
		{813823B3-87E8-41A2-BF69-9564BA59C21D}.Release|Any CPU.Build.0 = Release|Any CPU
	EndGlobalSection
	GlobalSection(SolutionProperties) = preSolution
		HideSolutionNode = FALSE
	EndGlobalSection
	GlobalSection(ExtensibilityGlobals) = postSolution
		SolutionGuid = {0D594892-ED09-43DE-99D6-257015937A1B}
	EndGlobalSection
EndGlobal
